// !$*UTF8*$!
{
	archiveVersion = 1;
	classes = {
	};
	objectVersion = 77;
	objects = {

/* Begin PBXBuildFile section */
		72A329452DAB4A720049A5D8 /* MicrophoneView.swift in Sources */ = {isa = PBXBuildFile; fileRef = 72A329442DAB4A720049A5D8 /* MicrophoneView.swift */; };
		72DFFA512DAB27CC009C15B1 /* SpatialAudioService.swift in Sources */ = {isa = PBXBuildFile; fileRef = 72DFFA502DAB27CC009C15B1 /* SpatialAudioService.swift */; };
		72DFFA532DAB27DA009C15B1 /* soundApp.swift in Sources */ = {isa = PBXBuildFile; fileRef = 72DFFA522DAB27DA009C15B1 /* soundApp.swift */; };
		D1284D562DAB681200B710F1 /* SpatialAudioView.swift in Sources */ = {isa = PBXBuildFile; fileRef = D1284D552DAB680B00B710F1 /* SpatialAudioView.swift */; };
		D1284D582DAB699200B710F1 /* AudioUploadService.swift in Sources */ = {isa = PBXBuildFile; fileRef = D1284D572DAB698D00B710F1 /* AudioUploadService.swift */; };
		D1284D5A2DAB7B9800B710F1 /* HTTPRequest.swift in Sources */ = {isa = PBXBuildFile; fileRef = D1284D592DAB7B9800B710F1 /* HTTPRequest.swift */; };
		D1284D632DAB7E2600B710F1 /* .env in Resources */ = {isa = PBXBuildFile; fileRef = D1284D5D2DAB7E2600B710F1 /* .env */; };
		D1284D642DAB7E2600B710F1 /* index.js in Resources */ = {isa = PBXBuildFile; fileRef = D1284D5E2DAB7E2600B710F1 /* index.js */; };
		D1284D652DAB7E2600B710F1 /* package.json in Resources */ = {isa = PBXBuildFile; fileRef = D1284D5F2DAB7E2600B710F1 /* package.json */; };
		D1284D662DAB7E2600B710F1 /* package-lock.json in Resources */ = {isa = PBXBuildFile; fileRef = D1284D602DAB7E2600B710F1 /* package-lock.json */; };
		D1284D672DAB7E2600B710F1 /* mock.py in Resources */ = {isa = PBXBuildFile; fileRef = D1284D5B2DAB7E2600B710F1 /* mock.py */; };
		D1284D682DAB7E2600B710F1 /* util.js in Resources */ = {isa = PBXBuildFile; fileRef = D1284D612DAB7E2600B710F1 /* util.js */; };
/* End PBXBuildFile section */

/* Begin PBXFileReference section */
		729D0CB32DAA34E800438DCD /* sound.app */ = {isa = PBXFileReference; explicitFileType = wrapper.application; includeInIndex = 0; path = sound.app; sourceTree = BUILT_PRODUCTS_DIR; };
		72A329442DAB4A720049A5D8 /* MicrophoneView.swift */ = {isa = PBXFileReference; lastKnownFileType = sourcecode.swift; name = MicrophoneView.swift; path = sound/MicrophoneView.swift; sourceTree = "<group>"; };
		72DFFA502DAB27CC009C15B1 /* SpatialAudioService.swift */ = {isa = PBXFileReference; lastKnownFileType = sourcecode.swift; name = SpatialAudioService.swift; path = sound/SpatialAudioService.swift; sourceTree = "<group>"; };
		72DFFA522DAB27DA009C15B1 /* soundApp.swift */ = {isa = PBXFileReference; lastKnownFileType = sourcecode.swift; name = soundApp.swift; path = sound/soundApp.swift; sourceTree = "<group>"; };
		D1284D552DAB680B00B710F1 /* SpatialAudioView.swift */ = {isa = PBXFileReference; lastKnownFileType = sourcecode.swift; path = SpatialAudioView.swift; sourceTree = "<group>"; };
		D1284D572DAB698D00B710F1 /* AudioUploadService.swift */ = {isa = PBXFileReference; lastKnownFileType = sourcecode.swift; path = AudioUploadService.swift; sourceTree = "<group>"; };
		D1284D592DAB7B9800B710F1 /* HTTPRequest.swift */ = {isa = PBXFileReference; lastKnownFileType = sourcecode.swift; path = HTTPRequest.swift; sourceTree = "<group>"; };
		D1284D5B2DAB7E2600B710F1 /* mock.py */ = {isa = PBXFileReference; lastKnownFileType = text.script.python; path = mock.py; sourceTree = "<group>"; };
		D1284D5D2DAB7E2600B710F1 /* .env */ = {isa = PBXFileReference; lastKnownFileType = text; path = .env; sourceTree = "<group>"; };
		D1284D5E2DAB7E2600B710F1 /* index.js */ = {isa = PBXFileReference; lastKnownFileType = sourcecode.javascript; path = index.js; sourceTree = "<group>"; };
		D1284D5F2DAB7E2600B710F1 /* package.json */ = {isa = PBXFileReference; lastKnownFileType = text.json; path = package.json; sourceTree = "<group>"; };
		D1284D602DAB7E2600B710F1 /* package-lock.json */ = {isa = PBXFileReference; lastKnownFileType = text.json; path = "package-lock.json"; sourceTree = "<group>"; };
		D1284D612DAB7E2600B710F1 /* util.js */ = {isa = PBXFileReference; lastKnownFileType = sourcecode.javascript; path = util.js; sourceTree = "<group>"; };
/* End PBXFileReference section */

/* Begin PBXFileSystemSynchronizedRootGroup section */
		D1284D362DAB58EA00B710F1 /* Model */ = {
			isa = PBXFileSystemSynchronizedRootGroup;
			path = Model;
			sourceTree = "<group>";
		};
		D1284D3B2DAB593E00B710F1 /* Services */ = {
			isa = PBXFileSystemSynchronizedRootGroup;
			path = Services;
			sourceTree = "<group>";
		};
/* End PBXFileSystemSynchronizedRootGroup section */

/* Begin PBXFrameworksBuildPhase section */
		729D0CB02DAA34E800438DCD /* Frameworks */ = {
			isa = PBXFrameworksBuildPhase;
			buildActionMask = 2147483647;
			files = (
			);
			runOnlyForDeploymentPostprocessing = 0;
		};
/* End PBXFrameworksBuildPhase section */

/* Begin PBXGroup section */
		729D0CAA2DAA34E800438DCD = {
			isa = PBXGroup;
			children = (
				D1284D362DAB58EA00B710F1 /* Model */,
				72A329442DAB4A720049A5D8 /* MicrophoneView.swift */,
				D1284D572DAB698D00B710F1 /* AudioUploadService.swift */,
				D1284D622DAB7E2600B710F1 /* api */,
				D1284D592DAB7B9800B710F1 /* HTTPRequest.swift */,
				D1284D552DAB680B00B710F1 /* SpatialAudioView.swift */,
				72DFFA502DAB27CC009C15B1 /* SpatialAudioService.swift */,
				72DFFA522DAB27DA009C15B1 /* soundApp.swift */,
				729D0CB42DAA34E800438DCD /* Products */,
				D1284D3B2DAB593E00B710F1 /* Services */,
			);
			sourceTree = "<group>";
		};
		729D0CB42DAA34E800438DCD /* Products */ = {
			isa = PBXGroup;
			children = (
				729D0CB32DAA34E800438DCD /* sound.app */,
			);
			name = Products;
			sourceTree = "<group>";
		};
		D1284D5C2DAB7E2600B710F1 /* testing */ = {
			isa = PBXGroup;
			children = (
				D1284D5B2DAB7E2600B710F1 /* mock.py */,
			);
			path = testing;
			sourceTree = "<group>";
		};
		D1284D622DAB7E2600B710F1 /* api */ = {
			isa = PBXGroup;
			children = (
				D1284D5C2DAB7E2600B710F1 /* testing */,
				D1284D5D2DAB7E2600B710F1 /* .env */,
				D1284D5E2DAB7E2600B710F1 /* index.js */,
				D1284D5F2DAB7E2600B710F1 /* package.json */,
				D1284D602DAB7E2600B710F1 /* package-lock.json */,
				D1284D612DAB7E2600B710F1 /* util.js */,
			);
			path = api;
			sourceTree = "<group>";
		};
/* End PBXGroup section */

/* Begin PBXNativeTarget section */
		729D0CB22DAA34E800438DCD /* sound */ = {
			isa = PBXNativeTarget;
			buildConfigurationList = 729D0CC02DAA34E900438DCD /* Build configuration list for PBXNativeTarget "sound" */;
			buildPhases = (
				729D0CAF2DAA34E800438DCD /* Sources */,
				729D0CB02DAA34E800438DCD /* Frameworks */,
				729D0CB12DAA34E800438DCD /* Resources */,
			);
			buildRules = (
			);
			dependencies = (
			);
			fileSystemSynchronizedGroups = (
				D1284D362DAB58EA00B710F1 /* Model */,
				D1284D3B2DAB593E00B710F1 /* Services */,
			);
			name = sound;
			packageProductDependencies = (
			);
			productName = pls;
			productReference = 729D0CB32DAA34E800438DCD /* sound.app */;
			productType = "com.apple.product-type.application";
		};
/* End PBXNativeTarget section */

/* Begin PBXProject section */
		729D0CAB2DAA34E800438DCD /* Project object */ = {
			isa = PBXProject;
			attributes = {
				BuildIndependentTargetsInParallel = 1;
				LastSwiftUpdateCheck = 1630;
				LastUpgradeCheck = 1630;
				TargetAttributes = {
					729D0CB22DAA34E800438DCD = {
						CreatedOnToolsVersion = 16.3;
					};
				};
			};
			buildConfigurationList = 729D0CAE2DAA34E800438DCD /* Build configuration list for PBXProject "sound" */;
			developmentRegion = en;
			hasScannedForEncodings = 0;
			knownRegions = (
				en,
				Base,
			);
			mainGroup = 729D0CAA2DAA34E800438DCD;
			minimizedProjectReferenceProxies = 1;
			preferredProjectObjectVersion = 77;
			productRefGroup = 729D0CB42DAA34E800438DCD /* Products */;
			projectDirPath = "";
			projectRoot = "";
			targets = (
				729D0CB22DAA34E800438DCD /* sound */,
			);
		};
/* End PBXProject section */

/* Begin PBXResourcesBuildPhase section */
		729D0CB12DAA34E800438DCD /* Resources */ = {
			isa = PBXResourcesBuildPhase;
			buildActionMask = 2147483647;
			files = (
				D1284D632DAB7E2600B710F1 /* .env in Resources */,
				D1284D642DAB7E2600B710F1 /* index.js in Resources */,
				D1284D652DAB7E2600B710F1 /* package.json in Resources */,
				D1284D662DAB7E2600B710F1 /* package-lock.json in Resources */,
				D1284D672DAB7E2600B710F1 /* mock.py in Resources */,
				D1284D682DAB7E2600B710F1 /* util.js in Resources */,
			);
			runOnlyForDeploymentPostprocessing = 0;
		};
/* End PBXResourcesBuildPhase section */

/* Begin PBXSourcesBuildPhase section */
		729D0CAF2DAA34E800438DCD /* Sources */ = {
			isa = PBXSourcesBuildPhase;
			buildActionMask = 2147483647;
			files = (
				D1284D562DAB681200B710F1 /* SpatialAudioView.swift in Sources */,
				72A329452DAB4A720049A5D8 /* MicrophoneView.swift in Sources */,
				D1284D582DAB699200B710F1 /* AudioUploadService.swift in Sources */,
				72DFFA532DAB27DA009C15B1 /* soundApp.swift in Sources */,
				D1284D5A2DAB7B9800B710F1 /* HTTPRequest.swift in Sources */,
				72DFFA512DAB27CC009C15B1 /* SpatialAudioService.swift in Sources */,
			);
			runOnlyForDeploymentPostprocessing = 0;
		};
/* End PBXSourcesBuildPhase section */

/* Begin XCBuildConfiguration section */
		729D0CBE2DAA34E900438DCD /* Debug */ = {
			isa = XCBuildConfiguration;
			buildSettings = {
				ALWAYS_SEARCH_USER_PATHS = NO;
				ASSETCATALOG_COMPILER_GENERATE_SWIFT_ASSET_SYMBOL_EXTENSIONS = YES;
				CLANG_ANALYZER_NONNULL = YES;
				CLANG_ANALYZER_NUMBER_OBJECT_CONVERSION = YES_AGGRESSIVE;
				CLANG_CXX_LANGUAGE_STANDARD = "gnu++20";
				CLANG_ENABLE_MODULES = YES;
				CLANG_ENABLE_OBJC_ARC = YES;
				CLANG_ENABLE_OBJC_WEAK = YES;
				CLANG_WARN_BLOCK_CAPTURE_AUTORELEASING = YES;
				CLANG_WARN_BOOL_CONVERSION = YES;
				CLANG_WARN_COMMA = YES;
				CLANG_WARN_CONSTANT_CONVERSION = YES;
				CLANG_WARN_DEPRECATED_OBJC_IMPLEMENTATIONS = YES;
				CLANG_WARN_DIRECT_OBJC_ISA_USAGE = YES_ERROR;
				CLANG_WARN_DOCUMENTATION_COMMENTS = YES;
				CLANG_WARN_EMPTY_BODY = YES;
				CLANG_WARN_ENUM_CONVERSION = YES;
				CLANG_WARN_INFINITE_RECURSION = YES;
				CLANG_WARN_INT_CONVERSION = YES;
				CLANG_WARN_NON_LITERAL_NULL_CONVERSION = YES;
				CLANG_WARN_OBJC_IMPLICIT_RETAIN_SELF = YES;
				CLANG_WARN_OBJC_LITERAL_CONVERSION = YES;
				CLANG_WARN_OBJC_ROOT_CLASS = YES_ERROR;
				CLANG_WARN_QUOTED_INCLUDE_IN_FRAMEWORK_HEADER = YES;
				CLANG_WARN_RANGE_LOOP_ANALYSIS = YES;
				CLANG_WARN_STRICT_PROTOTYPES = YES;
				CLANG_WARN_SUSPICIOUS_MOVE = YES;
				CLANG_WARN_UNGUARDED_AVAILABILITY = YES_AGGRESSIVE;
				CLANG_WARN_UNREACHABLE_CODE = YES;
				CLANG_WARN__DUPLICATE_METHOD_MATCH = YES;
				COPY_PHASE_STRIP = NO;
				DEBUG_INFORMATION_FORMAT = dwarf;
				DEVELOPMENT_TEAM = 9A33BY5TZQ;
				ENABLE_STRICT_OBJC_MSGSEND = YES;
				ENABLE_TESTABILITY = YES;
				ENABLE_USER_SCRIPT_SANDBOXING = YES;
				GCC_C_LANGUAGE_STANDARD = gnu17;
				GCC_DYNAMIC_NO_PIC = NO;
				GCC_NO_COMMON_BLOCKS = YES;
				GCC_OPTIMIZATION_LEVEL = 0;
				GCC_PREPROCESSOR_DEFINITIONS = (
					"DEBUG=1",
					"$(inherited)",
				);
				GCC_WARN_64_TO_32_BIT_CONVERSION = YES;
				GCC_WARN_ABOUT_RETURN_TYPE = YES_ERROR;
				GCC_WARN_UNDECLARED_SELECTOR = YES;
				GCC_WARN_UNINITIALIZED_AUTOS = YES_AGGRESSIVE;
				GCC_WARN_UNUSED_FUNCTION = YES;
				GCC_WARN_UNUSED_VARIABLE = YES;
				IPHONEOS_DEPLOYMENT_TARGET = 18.4;
				LOCALIZATION_PREFERS_STRING_CATALOGS = YES;
				MTL_ENABLE_DEBUG_INFO = INCLUDE_SOURCE;
				MTL_FAST_MATH = YES;
				ONLY_ACTIVE_ARCH = YES;
				SDKROOT = iphoneos;
				SWIFT_ACTIVE_COMPILATION_CONDITIONS = "DEBUG $(inherited)";
				SWIFT_OPTIMIZATION_LEVEL = "-Onone";
			};
			name = Debug;
		};
		729D0CBF2DAA34E900438DCD /* Release */ = {
			isa = XCBuildConfiguration;
			buildSettings = {
				ALWAYS_SEARCH_USER_PATHS = NO;
				ASSETCATALOG_COMPILER_GENERATE_SWIFT_ASSET_SYMBOL_EXTENSIONS = YES;
				CLANG_ANALYZER_NONNULL = YES;
				CLANG_ANALYZER_NUMBER_OBJECT_CONVERSION = YES_AGGRESSIVE;
				CLANG_CXX_LANGUAGE_STANDARD = "gnu++20";
				CLANG_ENABLE_MODULES = YES;
				CLANG_ENABLE_OBJC_ARC = YES;
				CLANG_ENABLE_OBJC_WEAK = YES;
				CLANG_WARN_BLOCK_CAPTURE_AUTORELEASING = YES;
				CLANG_WARN_BOOL_CONVERSION = YES;
				CLANG_WARN_COMMA = YES;
				CLANG_WARN_CONSTANT_CONVERSION = YES;
				CLANG_WARN_DEPRECATED_OBJC_IMPLEMENTATIONS = YES;
				CLANG_WARN_DIRECT_OBJC_ISA_USAGE = YES_ERROR;
				CLANG_WARN_DOCUMENTATION_COMMENTS = YES;
				CLANG_WARN_EMPTY_BODY = YES;
				CLANG_WARN_ENUM_CONVERSION = YES;
				CLANG_WARN_INFINITE_RECURSION = YES;
				CLANG_WARN_INT_CONVERSION = YES;
				CLANG_WARN_NON_LITERAL_NULL_CONVERSION = YES;
				CLANG_WARN_OBJC_IMPLICIT_RETAIN_SELF = YES;
				CLANG_WARN_OBJC_LITERAL_CONVERSION = YES;
				CLANG_WARN_OBJC_ROOT_CLASS = YES_ERROR;
				CLANG_WARN_QUOTED_INCLUDE_IN_FRAMEWORK_HEADER = YES;
				CLANG_WARN_RANGE_LOOP_ANALYSIS = YES;
				CLANG_WARN_STRICT_PROTOTYPES = YES;
				CLANG_WARN_SUSPICIOUS_MOVE = YES;
				CLANG_WARN_UNGUARDED_AVAILABILITY = YES_AGGRESSIVE;
				CLANG_WARN_UNREACHABLE_CODE = YES;
				CLANG_WARN__DUPLICATE_METHOD_MATCH = YES;
				COPY_PHASE_STRIP = NO;
				DEBUG_INFORMATION_FORMAT = "dwarf-with-dsym";
				DEVELOPMENT_TEAM = 9A33BY5TZQ;
				ENABLE_NS_ASSERTIONS = NO;
				ENABLE_STRICT_OBJC_MSGSEND = YES;
				ENABLE_USER_SCRIPT_SANDBOXING = YES;
				GCC_C_LANGUAGE_STANDARD = gnu17;
				GCC_NO_COMMON_BLOCKS = YES;
				GCC_WARN_64_TO_32_BIT_CONVERSION = YES;
				GCC_WARN_ABOUT_RETURN_TYPE = YES_ERROR;
				GCC_WARN_UNDECLARED_SELECTOR = YES;
				GCC_WARN_UNINITIALIZED_AUTOS = YES_AGGRESSIVE;
				GCC_WARN_UNUSED_FUNCTION = YES;
				GCC_WARN_UNUSED_VARIABLE = YES;
				IPHONEOS_DEPLOYMENT_TARGET = 18.4;
				LOCALIZATION_PREFERS_STRING_CATALOGS = YES;
				MTL_ENABLE_DEBUG_INFO = NO;
				MTL_FAST_MATH = YES;
				SDKROOT = iphoneos;
				SWIFT_COMPILATION_MODE = wholemodule;
				VALIDATE_PRODUCT = YES;
			};
			name = Release;
		};
		729D0CC12DAA34E900438DCD /* Debug */ = {
			isa = XCBuildConfiguration;
			buildSettings = {
				ASSETCATALOG_COMPILER_APPICON_NAME = AppIcon;
				ASSETCATALOG_COMPILER_GLOBAL_ACCENT_COLOR_NAME = AccentColor;
				CODE_SIGN_STYLE = Automatic;
				CURRENT_PROJECT_VERSION = 1;
				DEVELOPMENT_TEAM = 242878W3XQ;
				ENABLE_PREVIEWS = YES;
				GENERATE_INFOPLIST_FILE = YES;
				INFOPLIST_KEY_NSCameraUsageDescription = LiDAR;
				INFOPLIST_KEY_NSMicrophoneUsageDescription = "For voice commands";
				INFOPLIST_KEY_NSMotionUsageDescription = Motion;
				INFOPLIST_KEY_UIApplicationSceneManifest_Generation = YES;
				INFOPLIST_KEY_UIApplicationSupportsIndirectInputEvents = YES;
				INFOPLIST_KEY_UILaunchScreen_Generation = YES;
				INFOPLIST_KEY_UISupportedInterfaceOrientations_iPad = "UIInterfaceOrientationPortrait UIInterfaceOrientationPortraitUpsideDown UIInterfaceOrientationLandscapeLeft UIInterfaceOrientationLandscapeRight";
				INFOPLIST_KEY_UISupportedInterfaceOrientations_iPhone = "UIInterfaceOrientationPortrait UIInterfaceOrientationLandscapeLeft UIInterfaceOrientationLandscapeRight";
				IPHONEOS_DEPLOYMENT_TARGET = 18.3.2;
				LD_RUNPATH_SEARCH_PATHS = (
					"$(inherited)",
					"@executable_path/Frameworks",
				);
				MARKETING_VERSION = 1.0;
				PRODUCT_BUNDLE_IDENTIFIER = com.ANDREWWWWW.sound;
				PRODUCT_NAME = "$(TARGET_NAME)";
				SWIFT_EMIT_LOC_STRINGS = YES;
				SWIFT_VERSION = 5.0;
				TARGETED_DEVICE_FAMILY = "1,2";
			};
			name = Debug;
		};
		729D0CC22DAA34E900438DCD /* Release */ = {
			isa = XCBuildConfiguration;
			buildSettings = {
				ASSETCATALOG_COMPILER_APPICON_NAME = AppIcon;
				ASSETCATALOG_COMPILER_GLOBAL_ACCENT_COLOR_NAME = AccentColor;
				CODE_SIGN_STYLE = Automatic;
				CURRENT_PROJECT_VERSION = 1;
				DEVELOPMENT_TEAM = 242878W3XQ;
				ENABLE_PREVIEWS = YES;
				GENERATE_INFOPLIST_FILE = YES;
				INFOPLIST_KEY_NSCameraUsageDescription = LiDAR;
				INFOPLIST_KEY_NSMicrophoneUsageDescription = "For voice commands";
				INFOPLIST_KEY_NSMotionUsageDescription = Motion;
				INFOPLIST_KEY_UIApplicationSceneManifest_Generation = YES;
				INFOPLIST_KEY_UIApplicationSupportsIndirectInputEvents = YES;
				INFOPLIST_KEY_UILaunchScreen_Generation = YES;
				INFOPLIST_KEY_UISupportedInterfaceOrientations_iPad = "UIInterfaceOrientationPortrait UIInterfaceOrientationPortraitUpsideDown UIInterfaceOrientationLandscapeLeft UIInterfaceOrientationLandscapeRight";
				INFOPLIST_KEY_UISupportedInterfaceOrientations_iPhone = "UIInterfaceOrientationPortrait UIInterfaceOrientationLandscapeLeft UIInterfaceOrientationLandscapeRight";
				IPHONEOS_DEPLOYMENT_TARGET = 18.3.2;
				LD_RUNPATH_SEARCH_PATHS = (
					"$(inherited)",
					"@executable_path/Frameworks",
				);
				MARKETING_VERSION = 1.0;
				PRODUCT_BUNDLE_IDENTIFIER = com.ANDREWWWWW.sound;
				PRODUCT_NAME = "$(TARGET_NAME)";
				SWIFT_EMIT_LOC_STRINGS = YES;
				SWIFT_VERSION = 5.0;
				TARGETED_DEVICE_FAMILY = "1,2";
			};
			name = Release;
		};
/* End XCBuildConfiguration section */

/* Begin XCConfigurationList section */
		729D0CAE2DAA34E800438DCD /* Build configuration list for PBXProject "sound" */ = {
			isa = XCConfigurationList;
			buildConfigurations = (
				729D0CBE2DAA34E900438DCD /* Debug */,
				729D0CBF2DAA34E900438DCD /* Release */,
			);
			defaultConfigurationIsVisible = 0;
			defaultConfigurationName = Release;
		};
		729D0CC02DAA34E900438DCD /* Build configuration list for PBXNativeTarget "sound" */ = {
			isa = XCConfigurationList;
			buildConfigurations = (
				729D0CC12DAA34E900438DCD /* Debug */,
				729D0CC22DAA34E900438DCD /* Release */,
			);
			defaultConfigurationIsVisible = 0;
			defaultConfigurationName = Release;
		};
/* End XCConfigurationList section */
	};
	rootObject = 729D0CAB2DAA34E800438DCD /* Project object */;
}
